
Microsoft Visual Studio Solution File, Format Version 12.00
# Visual Studio Version 17
VisualStudioVersion = 17.3.32929.385
MinimumVisualStudioVersion = 10.0.40219.1
Project("{9A19103F-16F7-4668-BE54-9A1E7A4F7556}") = "RomanToInteger", "RomanToInteger\RomanToInteger.csproj", "{63C3DFD7-9795-46C9-B539-A5CFAB0CE9C6}"
EndProject
Project("{9A19103F-16F7-4668-BE54-9A1E7A4F7556}") = "TwoSum", "TwoSum\TwoSum.csproj", "{B7E53F59-DA37-4D32-A5E8-88D2F104CBC6}"
EndProject
Project("{9A19103F-16F7-4668-BE54-9A1E7A4F7556}") = "PalindromeLinkedList", "PalindromeLinkedList\PalindromeLinkedList.csproj", "{1555C181-0BFB-4D97-A2E5-A35254A1289B}"
EndProject
Project("{9A19103F-16F7-4668-BE54-9A1E7A4F7556}") = "FindPivotIndex", "FindPivotIndex\FindPivotIndex.csproj", "{C712BD52-F9B4-4C05-8002-836AEA9E759C}"
EndProject
Project("{FAE04EC0-301F-11D3-BF4B-00C04F79EFBC}") = "205. Isomorphic Strings", "205. Isomorphic Strings\205. Isomorphic Strings.csproj", "{9A0095B1-EAD3-452D-87EB-F5DF43D65389}"
EndProject
Global
	GlobalSection(SolutionConfigurationPlatforms) = preSolution
		Debug|Any CPU = Debug|Any CPU
		Release|Any CPU = Release|Any CPU
	EndGlobalSection
	GlobalSection(ProjectConfigurationPlatforms) = postSolution
		{63C3DFD7-9795-46C9-B539-A5CFAB0CE9C6}.Debug|Any CPU.ActiveCfg = Debug|Any CPU
		{63C3DFD7-9795-46C9-B539-A5CFAB0CE9C6}.Debug|Any CPU.Build.0 = Debug|Any CPU
		{63C3DFD7-9795-46C9-B539-A5CFAB0CE9C6}.Release|Any CPU.ActiveCfg = Release|Any CPU
		{63C3DFD7-9795-46C9-B539-A5CFAB0CE9C6}.Release|Any CPU.Build.0 = Release|Any CPU
		{B7E53F59-DA37-4D32-A5E8-88D2F104CBC6}.Debug|Any CPU.ActiveCfg = Debug|Any CPU
		{B7E53F59-DA37-4D32-A5E8-88D2F104CBC6}.Debug|Any CPU.Build.0 = Debug|Any CPU
		{B7E53F59-DA37-4D32-A5E8-88D2F104CBC6}.Release|Any CPU.ActiveCfg = Release|Any CPU
		{B7E53F59-DA37-4D32-A5E8-88D2F104CBC6}.Release|Any CPU.Build.0 = Release|Any CPU
		{1555C181-0BFB-4D97-A2E5-A35254A1289B}.Debug|Any CPU.ActiveCfg = Debug|Any CPU
		{1555C181-0BFB-4D97-A2E5-A35254A1289B}.Debug|Any CPU.Build.0 = Debug|Any CPU
		{1555C181-0BFB-4D97-A2E5-A35254A1289B}.Release|Any CPU.ActiveCfg = Release|Any CPU
		{1555C181-0BFB-4D97-A2E5-A35254A1289B}.Release|Any CPU.Build.0 = Release|Any CPU
		{C712BD52-F9B4-4C05-8002-836AEA9E759C}.Debug|Any CPU.ActiveCfg = Debug|Any CPU
		{C712BD52-F9B4-4C05-8002-836AEA9E759C}.Debug|Any CPU.Build.0 = Debug|Any CPU
		{C712BD52-F9B4-4C05-8002-836AEA9E759C}.Release|Any CPU.ActiveCfg = Release|Any CPU
		{C712BD52-F9B4-4C05-8002-836AEA9E759C}.Release|Any CPU.Build.0 = Release|Any CPU
		{9A0095B1-EAD3-452D-87EB-F5DF43D65389}.Debug|Any CPU.ActiveCfg = Debug|Any CPU
		{9A0095B1-EAD3-452D-87EB-F5DF43D65389}.Debug|Any CPU.Build.0 = Debug|Any CPU
		{9A0095B1-EAD3-452D-87EB-F5DF43D65389}.Release|Any CPU.ActiveCfg = Release|Any CPU
		{9A0095B1-EAD3-452D-87EB-F5DF43D65389}.Release|Any CPU.Build.0 = Release|Any CPU
	EndGlobalSection
	GlobalSection(SolutionProperties) = preSolution
		HideSolutionNode = FALSE
	EndGlobalSection
	GlobalSection(ExtensibilityGlobals) = postSolution
		SolutionGuid = {11CD6634-00A4-4AEB-9F10-93182D1F671C}
	EndGlobalSection
EndGlobal
